
Microsoft Visual Studio Solution File, Format Version 12.00
# Visual Studio Version 17
VisualStudioVersion = 17.1.32210.238
MinimumVisualStudioVersion = 10.0.40219.1
Project("{FAE04EC0-301F-11D3-BF4B-00C04F79EFBC}") = "Laboratorium1", "Laboratorium1\Laboratorium1.csproj", "{3647F0BD-143E-43FB-A774-DD2E311ABDF8}"
EndProject
Project("{9A19103F-16F7-4668-BE54-9A1E7A4F7556}") = "Zadanie 2", "Zadanie 2\Zadanie 2.csproj", "{FDF3F4B7-263D-49FA-B494-BDAF4EA43922}"
EndProject
Project("{FAE04EC0-301F-11D3-BF4B-00C04F79EFBC}") = "Zadanie domowe", "Zadanie domowe\Zadanie domowe.csproj", "{7E910966-8CB7-4590-97B1-68B8780A7E81}"
EndProject
Global
	GlobalSection(SolutionConfigurationPlatforms) = preSolution
		Debug|Any CPU = Debug|Any CPU
		Release|Any CPU = Release|Any CPU
	EndGlobalSection
	GlobalSection(ProjectConfigurationPlatforms) = postSolution
		{3647F0BD-143E-43FB-A774-DD2E311ABDF8}.Debug|Any CPU.ActiveCfg = Debug|Any CPU
		{3647F0BD-143E-43FB-A774-DD2E311ABDF8}.Debug|Any CPU.Build.0 = Debug|Any CPU
		{3647F0BD-143E-43FB-A774-DD2E311ABDF8}.Release|Any CPU.ActiveCfg = Release|Any CPU
		{3647F0BD-143E-43FB-A774-DD2E311ABDF8}.Release|Any CPU.Build.0 = Release|Any CPU
		{FDF3F4B7-263D-49FA-B494-BDAF4EA43922}.Debug|Any CPU.ActiveCfg = Debug|Any CPU
		{FDF3F4B7-263D-49FA-B494-BDAF4EA43922}.Debug|Any CPU.Build.0 = Debug|Any CPU
		{FDF3F4B7-263D-49FA-B494-BDAF4EA43922}.Release|Any CPU.ActiveCfg = Release|Any CPU
		{FDF3F4B7-263D-49FA-B494-BDAF4EA43922}.Release|Any CPU.Build.0 = Release|Any CPU
		{7E910966-8CB7-4590-97B1-68B8780A7E81}.Debug|Any CPU.ActiveCfg = Debug|Any CPU
		{7E910966-8CB7-4590-97B1-68B8780A7E81}.Debug|Any CPU.Build.0 = Debug|Any CPU
		{7E910966-8CB7-4590-97B1-68B8780A7E81}.Release|Any CPU.ActiveCfg = Release|Any CPU
		{7E910966-8CB7-4590-97B1-68B8780A7E81}.Release|Any CPU.Build.0 = Release|Any CPU
	EndGlobalSection
	GlobalSection(SolutionProperties) = preSolution
		HideSolutionNode = FALSE
	EndGlobalSection
	GlobalSection(ExtensibilityGlobals) = postSolution
		SolutionGuid = {305C2F81-489D-4C19-96E9-85754B680441}
	EndGlobalSection
EndGlobal
