
Microsoft Visual Studio Solution File, Format Version 12.00
# Visual Studio Version 17
VisualStudioVersion = 17.1.32210.238
MinimumVisualStudioVersion = 10.0.40219.1
Project("{FAE04EC0-301F-11D3-BF4B-00C04F79EFBC}") = "kalkulator wejsciowka", "kalkulator wejsciowka\kalkulator wejsciowka.csproj", "{E17483A4-4EA7-4399-947E-652B23CF1A1E}"
EndProject
Global
	GlobalSection(SolutionConfigurationPlatforms) = preSolution
		Debug|Any CPU = Debug|Any CPU
		Release|Any CPU = Release|Any CPU
	EndGlobalSection
	GlobalSection(ProjectConfigurationPlatforms) = postSolution
		{E17483A4-4EA7-4399-947E-652B23CF1A1E}.Debug|Any CPU.ActiveCfg = Debug|Any CPU
		{E17483A4-4EA7-4399-947E-652B23CF1A1E}.Debug|Any CPU.Build.0 = Debug|Any CPU
		{E17483A4-4EA7-4399-947E-652B23CF1A1E}.Release|Any CPU.ActiveCfg = Release|Any CPU
		{E17483A4-4EA7-4399-947E-652B23CF1A1E}.Release|Any CPU.Build.0 = Release|Any CPU
	EndGlobalSection
	GlobalSection(SolutionProperties) = preSolution
		HideSolutionNode = FALSE
	EndGlobalSection
	GlobalSection(ExtensibilityGlobals) = postSolution
		SolutionGuid = {CE2D1DFE-EB1A-4F64-BB33-FD45D4AFDB1A}
	EndGlobalSection
EndGlobal
