
Microsoft Visual Studio Solution File, Format Version 12.00
# Visual Studio Version 17
VisualStudioVersion = 17.1.32210.238
MinimumVisualStudioVersion = 10.0.40219.1
Project("{9A19103F-16F7-4668-BE54-9A1E7A4F7556}") = "zadanie1lab2", "zadanie1lab2\zadanie1lab2.csproj", "{8C921CD1-494F-46E1-80E9-4B20D894E5D3}"
EndProject
Project("{9A19103F-16F7-4668-BE54-9A1E7A4F7556}") = "zadanie2lab2", "zadanie2lab2\zadanie2lab2.csproj", "{B041008B-E6CE-421B-BF4E-6B778CF9C73C}"
EndProject
Project("{FAE04EC0-301F-11D3-BF4B-00C04F79EFBC}") = "zadanie3lab2", "zadanie3lab2\zadanie3lab2.csproj", "{098D94F3-935E-42D6-BDBA-E991AB156372}"
EndProject
Global
	GlobalSection(SolutionConfigurationPlatforms) = preSolution
		Debug|Any CPU = Debug|Any CPU
		Release|Any CPU = Release|Any CPU
	EndGlobalSection
	GlobalSection(ProjectConfigurationPlatforms) = postSolution
		{8C921CD1-494F-46E1-80E9-4B20D894E5D3}.Debug|Any CPU.ActiveCfg = Debug|Any CPU
		{8C921CD1-494F-46E1-80E9-4B20D894E5D3}.Debug|Any CPU.Build.0 = Debug|Any CPU
		{8C921CD1-494F-46E1-80E9-4B20D894E5D3}.Release|Any CPU.ActiveCfg = Release|Any CPU
		{8C921CD1-494F-46E1-80E9-4B20D894E5D3}.Release|Any CPU.Build.0 = Release|Any CPU
		{B041008B-E6CE-421B-BF4E-6B778CF9C73C}.Debug|Any CPU.ActiveCfg = Debug|Any CPU
		{B041008B-E6CE-421B-BF4E-6B778CF9C73C}.Debug|Any CPU.Build.0 = Debug|Any CPU
		{B041008B-E6CE-421B-BF4E-6B778CF9C73C}.Release|Any CPU.ActiveCfg = Release|Any CPU
		{B041008B-E6CE-421B-BF4E-6B778CF9C73C}.Release|Any CPU.Build.0 = Release|Any CPU
		{098D94F3-935E-42D6-BDBA-E991AB156372}.Debug|Any CPU.ActiveCfg = Debug|Any CPU
		{098D94F3-935E-42D6-BDBA-E991AB156372}.Debug|Any CPU.Build.0 = Debug|Any CPU
		{098D94F3-935E-42D6-BDBA-E991AB156372}.Release|Any CPU.ActiveCfg = Release|Any CPU
		{098D94F3-935E-42D6-BDBA-E991AB156372}.Release|Any CPU.Build.0 = Release|Any CPU
	EndGlobalSection
	GlobalSection(SolutionProperties) = preSolution
		HideSolutionNode = FALSE
	EndGlobalSection
	GlobalSection(ExtensibilityGlobals) = postSolution
		SolutionGuid = {7CD87BF4-BDA9-4164-9750-890476D51793}
	EndGlobalSection
EndGlobal
